// !$*UTF8*$!
{
	archiveVersion = 1;
	classes = {
	};
	objectVersion = 51;
	objects = {

/* Begin PBXBuildFile section */
		05346AEC65353CD60A0A25DB /* Pods_won_iOS.framework in Frameworks */ = {isa = PBXBuildFile; fileRef = 9840DD6270C83D5E7258362A /* Pods_won_iOS.framework */; };
		212E8802259ADE4500EE2046 /* DateTimeFunctions.swift in Sources */ = {isa = PBXBuildFile; fileRef = 212E8801259ADE4500EE2046 /* DateTimeFunctions.swift */; };
		212F3286259A95D7006218B4 /* WantViewModelBuilder.swift in Sources */ = {isa = PBXBuildFile; fileRef = 212F3285259A95D7006218B4 /* WantViewModelBuilder.swift */; };
		215F19A52570194200C556D0 /* BaseRealmDataAccess.swift in Sources */ = {isa = PBXBuildFile; fileRef = 215F19A42570194200C556D0 /* BaseRealmDataAccess.swift */; };
		215F19AA2578796800C556D0 /* NewWantVC.swift in Sources */ = {isa = PBXBuildFile; fileRef = 215F19A92578796800C556D0 /* NewWantVC.swift */; };
		215F19AC25787C1600C556D0 /* WantDetailsVC.swift in Sources */ = {isa = PBXBuildFile; fileRef = 215F19AB25787C1600C556D0 /* WantDetailsVC.swift */; };
		215F19AE2578844400C556D0 /* ViewModel.swift in Sources */ = {isa = PBXBuildFile; fileRef = 215F19AD2578844400C556D0 /* ViewModel.swift */; };
		215F19B02579DC6100C556D0 /* WantDetailsTableVC.swift in Sources */ = {isa = PBXBuildFile; fileRef = 215F19AF2579DC6100C556D0 /* WantDetailsTableVC.swift */; };
		215F19B3257B2F8B00C556D0 /* WantRealmViewModelDataAccess.swift in Sources */ = {isa = PBXBuildFile; fileRef = 215F19B2257B2F8B00C556D0 /* WantRealmViewModelDataAccess.swift */; };
		215F19B6257B30F000C556D0 /* WantRealmViewModelDataAccessProtocol.swift in Sources */ = {isa = PBXBuildFile; fileRef = 215F19B5257B30F000C556D0 /* WantRealmViewModelDataAccessProtocol.swift */; };
		215F19B8257C7AB600C556D0 /* WantDelegate.swift in Sources */ = {isa = PBXBuildFile; fileRef = 215F19B7257C7AB600C556D0 /* WantDelegate.swift */; };
		215F19BC257C8C1300C556D0 /* VCDelegate.swift in Sources */ = {isa = PBXBuildFile; fileRef = 215F19BB257C8C1300C556D0 /* VCDelegate.swift */; };
		21713C2C259AB7BD00E4A503 /* WantManager.swift in Sources */ = {isa = PBXBuildFile; fileRef = 21713C2B259AB7BD00E4A503 /* WantManager.swift */; };
		21713C2E259AC48200E4A503 /* DateUtils.swift in Sources */ = {isa = PBXBuildFile; fileRef = 21713C2D259AC48200E4A503 /* DateUtils.swift */; };
		217832B42558873C00E0AAD6 /* AppDelegate.swift in Sources */ = {isa = PBXBuildFile; fileRef = 217832B32558873C00E0AAD6 /* AppDelegate.swift */; };
		217832B62558873C00E0AAD6 /* SceneDelegate.swift in Sources */ = {isa = PBXBuildFile; fileRef = 217832B52558873C00E0AAD6 /* SceneDelegate.swift */; };
		217832B82558873C00E0AAD6 /* ViewController.swift in Sources */ = {isa = PBXBuildFile; fileRef = 217832B72558873C00E0AAD6 /* ViewController.swift */; };
		217832BB2558873C00E0AAD6 /* Main.storyboard in Resources */ = {isa = PBXBuildFile; fileRef = 217832B92558873C00E0AAD6 /* Main.storyboard */; };
		217832BE2558873C00E0AAD6 /* won_iOS.xcdatamodeld in Sources */ = {isa = PBXBuildFile; fileRef = 217832BC2558873C00E0AAD6 /* won_iOS.xcdatamodeld */; };
		217832C02558874100E0AAD6 /* Assets.xcassets in Resources */ = {isa = PBXBuildFile; fileRef = 217832BF2558874100E0AAD6 /* Assets.xcassets */; };
		217832C32558874100E0AAD6 /* LaunchScreen.storyboard in Resources */ = {isa = PBXBuildFile; fileRef = 217832C12558874100E0AAD6 /* LaunchScreen.storyboard */; };
		217832CE2558874100E0AAD6 /* won_iOSTests.swift in Sources */ = {isa = PBXBuildFile; fileRef = 217832CD2558874100E0AAD6 /* won_iOSTests.swift */; };
		217832D92558874100E0AAD6 /* won_iOSUITests.swift in Sources */ = {isa = PBXBuildFile; fileRef = 217832D82558874100E0AAD6 /* won_iOSUITests.swift */; };
		217832E92562360500E0AAD6 /* WantVC.swift in Sources */ = {isa = PBXBuildFile; fileRef = 217832E82562360500E0AAD6 /* WantVC.swift */; };
		217832F225698C7100E0AAD6 /* Want.swift in Sources */ = {isa = PBXBuildFile; fileRef = 217832F125698C7100E0AAD6 /* Want.swift */; };
		217832F42569C69600E0AAD6 /* WantHistory.swift in Sources */ = {isa = PBXBuildFile; fileRef = 217832F32569C69600E0AAD6 /* WantHistory.swift */; };
		217832F82569CAF600E0AAD6 /* WantBuilder.swift in Sources */ = {isa = PBXBuildFile; fileRef = 217832F72569CAF600E0AAD6 /* WantBuilder.swift */; };
		217832FA2569CB7100E0AAD6 /* WantSocialStatus.swift in Sources */ = {isa = PBXBuildFile; fileRef = 217832F92569CB7100E0AAD6 /* WantSocialStatus.swift */; };
		217832FC2569CF6500E0AAD6 /* WantHistoryBuilder.swift in Sources */ = {isa = PBXBuildFile; fileRef = 217832FB2569CF6500E0AAD6 /* WantHistoryBuilder.swift */; };
		217833002569D46800E0AAD6 /* WantTVCell.swift in Sources */ = {isa = PBXBuildFile; fileRef = 217832FF2569D46800E0AAD6 /* WantTVCell.swift */; };
		21783303256B37D000E0AAD6 /* CircleButton.swift in Sources */ = {isa = PBXBuildFile; fileRef = 21783302256B37D000E0AAD6 /* CircleButton.swift */; };
		21783305256B455800E0AAD6 /* WantDataSource.swift in Sources */ = {isa = PBXBuildFile; fileRef = 21783304256B455800E0AAD6 /* WantDataSource.swift */; };
		2178330C256CCAFB00E0AAD6 /* WantRealmManager.swift in Sources */ = {isa = PBXBuildFile; fileRef = 2178330B256CCAFB00E0AAD6 /* WantRealmManager.swift */; };
		217AD9EE25BBD698008A4C53 /* NewWantTVCell.swift in Sources */ = {isa = PBXBuildFile; fileRef = 217AD9ED25BBD698008A4C53 /* NewWantTVCell.swift */; };
		217AD9F225BCA23F008A4C53 /* OvalButton.swift in Sources */ = {isa = PBXBuildFile; fileRef = 217AD9F125BCA23F008A4C53 /* OvalButton.swift */; };
		219DA1EB25A410F2002D4A9E /* TimerProcess.swift in Sources */ = {isa = PBXBuildFile; fileRef = 219DA1EA25A410F2002D4A9E /* TimerProcess.swift */; };
		21A3704125C58C67003D1929 /* WantExactDetailsTableVCDelegate.swift in Sources */ = {isa = PBXBuildFile; fileRef = 21A3704025C58C67003D1929 /* WantExactDetailsTableVCDelegate.swift */; };
		21A66928258057A800A75F2C /* NewWantAttributesTableVC.swift in Sources */ = {isa = PBXBuildFile; fileRef = 21A66927258057A800A75F2C /* NewWantAttributesTableVC.swift */; };
		21A6692A258058D600A75F2C /* NewWantNotesVC.swift in Sources */ = {isa = PBXBuildFile; fileRef = 21A66929258058D600A75F2C /* NewWantNotesVC.swift */; };
		21BC784B25D23EDF003B77F5 /* NewWantNotificationsVC.swift in Sources */ = {isa = PBXBuildFile; fileRef = 21BC784A25D23EDF003B77F5 /* NewWantNotificationsVC.swift */; };
		21BC785025D3694D003B77F5 /* WantNotification.swift in Sources */ = {isa = PBXBuildFile; fileRef = 21BC784F25D3694C003B77F5 /* WantNotification.swift */; };
		21BC785525D37441003B77F5 /* WantNotificationViewModel.swift in Sources */ = {isa = PBXBuildFile; fileRef = 21BC785425D37441003B77F5 /* WantNotificationViewModel.swift */; };
		21BC785A25D4E190003B77F5 /* WantNotificationBuilder.swift in Sources */ = {isa = PBXBuildFile; fileRef = 21BC785925D4E190003B77F5 /* WantNotificationBuilder.swift */; };
		21BC786225D79CFD003B77F5 /* WantNotificationsDetailsVC.swift in Sources */ = {isa = PBXBuildFile; fileRef = 21BC786125D79CFD003B77F5 /* WantNotificationsDetailsVC.swift */; };
		21BC786725D9DD24003B77F5 /* WantNotificationsManager.swift in Sources */ = {isa = PBXBuildFile; fileRef = 21BC786625D9DD24003B77F5 /* WantNotificationsManager.swift */; };
		21BC786F25D9E961003B77F5 /* NotificationUtil.swift in Sources */ = {isa = PBXBuildFile; fileRef = 21BC786E25D9E961003B77F5 /* NotificationUtil.swift */; };
		21C22F2025AC16F300215F42 /* WantNotesDetailsVC.swift in Sources */ = {isa = PBXBuildFile; fileRef = 21C22F1F25AC16F300215F42 /* WantNotesDetailsVC.swift */; };
		21C22F2225B3D66F00215F42 /* DataReceivingVCProtocol.swift in Sources */ = {isa = PBXBuildFile; fileRef = 21C22F2125B3D66F00215F42 /* DataReceivingVCProtocol.swift */; };
		21C947FD258C66B9009D0279 /* WantExactDetailsTableVC.swift in Sources */ = {isa = PBXBuildFile; fileRef = 21C947FC258C66B9009D0279 /* WantExactDetailsTableVC.swift */; };
		21C947FF2591A7BE009D0279 /* WantViewModel.swift in Sources */ = {isa = PBXBuildFile; fileRef = 21C947FE2591A7BE009D0279 /* WantViewModel.swift */; };
		21F6B7B825CA5E1D0082DE0E /* PresetsDataSource.swift in Sources */ = {isa = PBXBuildFile; fileRef = 21F6B7B725CA5E1D0082DE0E /* PresetsDataSource.swift */; };
		21F6B7BD25CA5E990082DE0E /* PresetDescription.swift in Sources */ = {isa = PBXBuildFile; fileRef = 21F6B7BC25CA5E990082DE0E /* PresetDescription.swift */; };
		21F6B7C825CA5FAE0082DE0E /* UIColor+Utils.swift in Sources */ = {isa = PBXBuildFile; fileRef = 21F6B7C725CA5FAE0082DE0E /* UIColor+Utils.swift */; };
		21F6B7D525CA61D70082DE0E /* DeviceTypeDetector.swift in Sources */ = {isa = PBXBuildFile; fileRef = 21F6B7D425CA61D70082DE0E /* DeviceTypeDetector.swift */; };
		21F6B7DB25CB7CD10082DE0E /* EditWantVC.swift in Sources */ = {isa = PBXBuildFile; fileRef = 21F6B7DA25CB7CD10082DE0E /* EditWantVC.swift */; };
		21F6B7E325CB7D460082DE0E /* EditWantVC.xib in Resources */ = {isa = PBXBuildFile; fileRef = 21F6B7E225CB7D460082DE0E /* EditWantVC.xib */; };
		21F6B7ED25CB889D0082DE0E /* DetachedVCDelegate.swift in Sources */ = {isa = PBXBuildFile; fileRef = 21F6B7EC25CB889D0082DE0E /* DetachedVCDelegate.swift */; };
/* End PBXBuildFile section */

/* Begin PBXContainerItemProxy section */
		217832CA2558874100E0AAD6 /* PBXContainerItemProxy */ = {
			isa = PBXContainerItemProxy;
			containerPortal = 217832A82558873C00E0AAD6 /* Project object */;
			proxyType = 1;
			remoteGlobalIDString = 217832AF2558873C00E0AAD6;
			remoteInfo = "won-iOS";
		};
		217832D52558874100E0AAD6 /* PBXContainerItemProxy */ = {
			isa = PBXContainerItemProxy;
			containerPortal = 217832A82558873C00E0AAD6 /* Project object */;
			proxyType = 1;
			remoteGlobalIDString = 217832AF2558873C00E0AAD6;
			remoteInfo = "won-iOS";
		};
/* End PBXContainerItemProxy section */

/* Begin PBXFileReference section */
		054CE36B51D69DBAF1CC1637 /* Pods-won-iOS.release.xcconfig */ = {isa = PBXFileReference; includeInIndex = 1; lastKnownFileType = text.xcconfig; name = "Pods-won-iOS.release.xcconfig"; path = "Target Support Files/Pods-won-iOS/Pods-won-iOS.release.xcconfig"; sourceTree = "<group>"; };
		212E8801259ADE4500EE2046 /* DateTimeFunctions.swift */ = {isa = PBXFileReference; fileEncoding = 4; lastKnownFileType = sourcecode.swift; path = DateTimeFunctions.swift; sourceTree = "<group>"; };
		212F3285259A95D7006218B4 /* WantViewModelBuilder.swift */ = {isa = PBXFileReference; lastKnownFileType = sourcecode.swift; path = WantViewModelBuilder.swift; sourceTree = "<group>"; };
		215F19A42570194200C556D0 /* BaseRealmDataAccess.swift */ = {isa = PBXFileReference; lastKnownFileType = sourcecode.swift; path = BaseRealmDataAccess.swift; sourceTree = "<group>"; };
		215F19A92578796800C556D0 /* NewWantVC.swift */ = {isa = PBXFileReference; lastKnownFileType = sourcecode.swift; path = NewWantVC.swift; sourceTree = "<group>"; };
		215F19AB25787C1600C556D0 /* WantDetailsVC.swift */ = {isa = PBXFileReference; lastKnownFileType = sourcecode.swift; path = WantDetailsVC.swift; sourceTree = "<group>"; };
		215F19AD2578844400C556D0 /* ViewModel.swift */ = {isa = PBXFileReference; lastKnownFileType = sourcecode.swift; path = ViewModel.swift; sourceTree = "<group>"; };
		215F19AF2579DC6100C556D0 /* WantDetailsTableVC.swift */ = {isa = PBXFileReference; lastKnownFileType = sourcecode.swift; path = WantDetailsTableVC.swift; sourceTree = "<group>"; };
		215F19B2257B2F8B00C556D0 /* WantRealmViewModelDataAccess.swift */ = {isa = PBXFileReference; lastKnownFileType = sourcecode.swift; path = WantRealmViewModelDataAccess.swift; sourceTree = "<group>"; };
		215F19B5257B30F000C556D0 /* WantRealmViewModelDataAccessProtocol.swift */ = {isa = PBXFileReference; lastKnownFileType = sourcecode.swift; path = WantRealmViewModelDataAccessProtocol.swift; sourceTree = "<group>"; };
		215F19B7257C7AB600C556D0 /* WantDelegate.swift */ = {isa = PBXFileReference; lastKnownFileType = sourcecode.swift; path = WantDelegate.swift; sourceTree = "<group>"; };
		215F19BB257C8C1300C556D0 /* VCDelegate.swift */ = {isa = PBXFileReference; lastKnownFileType = sourcecode.swift; path = VCDelegate.swift; sourceTree = "<group>"; };
		21713C2B259AB7BD00E4A503 /* WantManager.swift */ = {isa = PBXFileReference; lastKnownFileType = sourcecode.swift; path = WantManager.swift; sourceTree = "<group>"; };
		21713C2D259AC48200E4A503 /* DateUtils.swift */ = {isa = PBXFileReference; lastKnownFileType = sourcecode.swift; path = DateUtils.swift; sourceTree = "<group>"; };
		217832B02558873C00E0AAD6 /* won-iOS.app */ = {isa = PBXFileReference; explicitFileType = wrapper.application; includeInIndex = 0; path = "won-iOS.app"; sourceTree = BUILT_PRODUCTS_DIR; };
		217832B32558873C00E0AAD6 /* AppDelegate.swift */ = {isa = PBXFileReference; lastKnownFileType = sourcecode.swift; path = AppDelegate.swift; sourceTree = "<group>"; };
		217832B52558873C00E0AAD6 /* SceneDelegate.swift */ = {isa = PBXFileReference; lastKnownFileType = sourcecode.swift; path = SceneDelegate.swift; sourceTree = "<group>"; };
		217832B72558873C00E0AAD6 /* ViewController.swift */ = {isa = PBXFileReference; lastKnownFileType = sourcecode.swift; path = ViewController.swift; sourceTree = "<group>"; };
		217832BA2558873C00E0AAD6 /* Base */ = {isa = PBXFileReference; lastKnownFileType = file.storyboard; name = Base; path = Base.lproj/Main.storyboard; sourceTree = "<group>"; };
		217832BD2558873C00E0AAD6 /* won_iOS.xcdatamodel */ = {isa = PBXFileReference; lastKnownFileType = wrapper.xcdatamodel; path = won_iOS.xcdatamodel; sourceTree = "<group>"; };
		217832BF2558874100E0AAD6 /* Assets.xcassets */ = {isa = PBXFileReference; lastKnownFileType = folder.assetcatalog; path = Assets.xcassets; sourceTree = "<group>"; };
		217832C22558874100E0AAD6 /* Base */ = {isa = PBXFileReference; lastKnownFileType = file.storyboard; name = Base; path = Base.lproj/LaunchScreen.storyboard; sourceTree = "<group>"; };
		217832C42558874100E0AAD6 /* Info.plist */ = {isa = PBXFileReference; lastKnownFileType = text.plist.xml; path = Info.plist; sourceTree = "<group>"; };
		217832C92558874100E0AAD6 /* won-iOSTests.xctest */ = {isa = PBXFileReference; explicitFileType = wrapper.cfbundle; includeInIndex = 0; path = "won-iOSTests.xctest"; sourceTree = BUILT_PRODUCTS_DIR; };
		217832CD2558874100E0AAD6 /* won_iOSTests.swift */ = {isa = PBXFileReference; lastKnownFileType = sourcecode.swift; path = won_iOSTests.swift; sourceTree = "<group>"; };
		217832CF2558874100E0AAD6 /* Info.plist */ = {isa = PBXFileReference; lastKnownFileType = text.plist.xml; path = Info.plist; sourceTree = "<group>"; };
		217832D42558874100E0AAD6 /* won-iOSUITests.xctest */ = {isa = PBXFileReference; explicitFileType = wrapper.cfbundle; includeInIndex = 0; path = "won-iOSUITests.xctest"; sourceTree = BUILT_PRODUCTS_DIR; };
		217832D82558874100E0AAD6 /* won_iOSUITests.swift */ = {isa = PBXFileReference; lastKnownFileType = sourcecode.swift; path = won_iOSUITests.swift; sourceTree = "<group>"; };
		217832DA2558874100E0AAD6 /* Info.plist */ = {isa = PBXFileReference; lastKnownFileType = text.plist.xml; path = Info.plist; sourceTree = "<group>"; };
		217832E82562360500E0AAD6 /* WantVC.swift */ = {isa = PBXFileReference; lastKnownFileType = sourcecode.swift; path = WantVC.swift; sourceTree = "<group>"; };
		217832F125698C7100E0AAD6 /* Want.swift */ = {isa = PBXFileReference; lastKnownFileType = sourcecode.swift; path = Want.swift; sourceTree = "<group>"; };
		217832F32569C69600E0AAD6 /* WantHistory.swift */ = {isa = PBXFileReference; lastKnownFileType = sourcecode.swift; path = WantHistory.swift; sourceTree = "<group>"; };
		217832F72569CAF600E0AAD6 /* WantBuilder.swift */ = {isa = PBXFileReference; lastKnownFileType = sourcecode.swift; path = WantBuilder.swift; sourceTree = "<group>"; };
		217832F92569CB7100E0AAD6 /* WantSocialStatus.swift */ = {isa = PBXFileReference; lastKnownFileType = sourcecode.swift; path = WantSocialStatus.swift; sourceTree = "<group>"; };
		217832FB2569CF6500E0AAD6 /* WantHistoryBuilder.swift */ = {isa = PBXFileReference; lastKnownFileType = sourcecode.swift; path = WantHistoryBuilder.swift; sourceTree = "<group>"; };
		217832FF2569D46800E0AAD6 /* WantTVCell.swift */ = {isa = PBXFileReference; lastKnownFileType = sourcecode.swift; path = WantTVCell.swift; sourceTree = "<group>"; };
		21783302256B37D000E0AAD6 /* CircleButton.swift */ = {isa = PBXFileReference; lastKnownFileType = sourcecode.swift; path = CircleButton.swift; sourceTree = "<group>"; };
		21783304256B455800E0AAD6 /* WantDataSource.swift */ = {isa = PBXFileReference; lastKnownFileType = sourcecode.swift; path = WantDataSource.swift; sourceTree = "<group>"; };
		2178330B256CCAFB00E0AAD6 /* WantRealmManager.swift */ = {isa = PBXFileReference; lastKnownFileType = sourcecode.swift; path = WantRealmManager.swift; sourceTree = "<group>"; };
		217AD9ED25BBD698008A4C53 /* NewWantTVCell.swift */ = {isa = PBXFileReference; lastKnownFileType = sourcecode.swift; path = NewWantTVCell.swift; sourceTree = "<group>"; };
		217AD9F125BCA23F008A4C53 /* OvalButton.swift */ = {isa = PBXFileReference; lastKnownFileType = sourcecode.swift; path = OvalButton.swift; sourceTree = "<group>"; };
		219DA1EA25A410F2002D4A9E /* TimerProcess.swift */ = {isa = PBXFileReference; lastKnownFileType = sourcecode.swift; path = TimerProcess.swift; sourceTree = "<group>"; };
		21A3704025C58C67003D1929 /* WantExactDetailsTableVCDelegate.swift */ = {isa = PBXFileReference; lastKnownFileType = sourcecode.swift; path = WantExactDetailsTableVCDelegate.swift; sourceTree = "<group>"; };
		21A66927258057A800A75F2C /* NewWantAttributesTableVC.swift */ = {isa = PBXFileReference; lastKnownFileType = sourcecode.swift; path = NewWantAttributesTableVC.swift; sourceTree = "<group>"; };
		21A66929258058D600A75F2C /* NewWantNotesVC.swift */ = {isa = PBXFileReference; lastKnownFileType = sourcecode.swift; path = NewWantNotesVC.swift; sourceTree = "<group>"; };
		21BC784A25D23EDF003B77F5 /* NewWantNotificationsVC.swift */ = {isa = PBXFileReference; lastKnownFileType = sourcecode.swift; path = NewWantNotificationsVC.swift; sourceTree = "<group>"; };
		21BC784F25D3694C003B77F5 /* WantNotification.swift */ = {isa = PBXFileReference; lastKnownFileType = sourcecode.swift; path = WantNotification.swift; sourceTree = "<group>"; };
		21BC785425D37441003B77F5 /* WantNotificationViewModel.swift */ = {isa = PBXFileReference; lastKnownFileType = sourcecode.swift; path = WantNotificationViewModel.swift; sourceTree = "<group>"; };
		21BC785925D4E190003B77F5 /* WantNotificationBuilder.swift */ = {isa = PBXFileReference; lastKnownFileType = sourcecode.swift; path = WantNotificationBuilder.swift; sourceTree = "<group>"; };
		21BC786125D79CFD003B77F5 /* WantNotificationsDetailsVC.swift */ = {isa = PBXFileReference; lastKnownFileType = sourcecode.swift; path = WantNotificationsDetailsVC.swift; sourceTree = "<group>"; };
		21BC786625D9DD24003B77F5 /* WantNotificationsManager.swift */ = {isa = PBXFileReference; lastKnownFileType = sourcecode.swift; path = WantNotificationsManager.swift; sourceTree = "<group>"; };
		21BC786E25D9E961003B77F5 /* NotificationUtil.swift */ = {isa = PBXFileReference; lastKnownFileType = sourcecode.swift; path = NotificationUtil.swift; sourceTree = "<group>"; };
		21C22F1F25AC16F300215F42 /* WantNotesDetailsVC.swift */ = {isa = PBXFileReference; lastKnownFileType = sourcecode.swift; path = WantNotesDetailsVC.swift; sourceTree = "<group>"; };
		21C22F2125B3D66F00215F42 /* DataReceivingVCProtocol.swift */ = {isa = PBXFileReference; lastKnownFileType = sourcecode.swift; path = DataReceivingVCProtocol.swift; sourceTree = "<group>"; };
		21C947FC258C66B9009D0279 /* WantExactDetailsTableVC.swift */ = {isa = PBXFileReference; lastKnownFileType = sourcecode.swift; path = WantExactDetailsTableVC.swift; sourceTree = "<group>"; };
		21C947FE2591A7BE009D0279 /* WantViewModel.swift */ = {isa = PBXFileReference; lastKnownFileType = sourcecode.swift; path = WantViewModel.swift; sourceTree = "<group>"; };
		21F6B7B725CA5E1D0082DE0E /* PresetsDataSource.swift */ = {isa = PBXFileReference; lastKnownFileType = sourcecode.swift; path = PresetsDataSource.swift; sourceTree = "<group>"; };
		21F6B7BC25CA5E990082DE0E /* PresetDescription.swift */ = {isa = PBXFileReference; lastKnownFileType = sourcecode.swift; path = PresetDescription.swift; sourceTree = "<group>"; };
		21F6B7C725CA5FAE0082DE0E /* UIColor+Utils.swift */ = {isa = PBXFileReference; lastKnownFileType = sourcecode.swift; path = "UIColor+Utils.swift"; sourceTree = "<group>"; };
		21F6B7D425CA61D70082DE0E /* DeviceTypeDetector.swift */ = {isa = PBXFileReference; lastKnownFileType = sourcecode.swift; path = DeviceTypeDetector.swift; sourceTree = "<group>"; };
		21F6B7DA25CB7CD10082DE0E /* EditWantVC.swift */ = {isa = PBXFileReference; lastKnownFileType = sourcecode.swift; path = EditWantVC.swift; sourceTree = "<group>"; };
		21F6B7E225CB7D460082DE0E /* EditWantVC.xib */ = {isa = PBXFileReference; lastKnownFileType = file.xib; path = EditWantVC.xib; sourceTree = "<group>"; };
		21F6B7EC25CB889D0082DE0E /* DetachedVCDelegate.swift */ = {isa = PBXFileReference; lastKnownFileType = sourcecode.swift; path = DetachedVCDelegate.swift; sourceTree = "<group>"; };
		6DFA4C9367D86736A17457EB /* Pods-won-iOS.debug.xcconfig */ = {isa = PBXFileReference; includeInIndex = 1; lastKnownFileType = text.xcconfig; name = "Pods-won-iOS.debug.xcconfig"; path = "Target Support Files/Pods-won-iOS/Pods-won-iOS.debug.xcconfig"; sourceTree = "<group>"; };
		9840DD6270C83D5E7258362A /* Pods_won_iOS.framework */ = {isa = PBXFileReference; explicitFileType = wrapper.framework; includeInIndex = 0; path = Pods_won_iOS.framework; sourceTree = BUILT_PRODUCTS_DIR; };
/* End PBXFileReference section */

/* Begin PBXFrameworksBuildPhase section */
		217832AD2558873C00E0AAD6 /* Frameworks */ = {
			isa = PBXFrameworksBuildPhase;
			buildActionMask = 2147483647;
			files = (
				05346AEC65353CD60A0A25DB /* Pods_won_iOS.framework in Frameworks */,
			);
			runOnlyForDeploymentPostprocessing = 0;
		};
		217832C62558874100E0AAD6 /* Frameworks */ = {
			isa = PBXFrameworksBuildPhase;
			buildActionMask = 2147483647;
			files = (
			);
			runOnlyForDeploymentPostprocessing = 0;
		};
		217832D12558874100E0AAD6 /* Frameworks */ = {
			isa = PBXFrameworksBuildPhase;
			buildActionMask = 2147483647;
			files = (
			);
			runOnlyForDeploymentPostprocessing = 0;
		};
/* End PBXFrameworksBuildPhase section */

/* Begin PBXGroup section */
		212E8800259ADE4500EE2046 /* date */ = {
			isa = PBXGroup;
			children = (
				212E8801259ADE4500EE2046 /* DateTimeFunctions.swift */,
			);
			path = date;
			sourceTree = "<group>";
		};
		212F3280259A8692006218B4 /* utilities */ = {
			isa = PBXGroup;
			children = (
				21F6B7B625CA5DA80082DE0E /* swiftEntryKit */,
				212E8800259ADE4500EE2046 /* date */,
				21713C2D259AC48200E4A503 /* DateUtils.swift */,
				219DA1EA25A410F2002D4A9E /* TimerProcess.swift */,
				21F6B7D425CA61D70082DE0E /* DeviceTypeDetector.swift */,
				21BC786E25D9E961003B77F5 /* NotificationUtil.swift */,
			);
			path = utilities;
			sourceTree = "<group>";
		};
		212F3284259A95C4006218B4 /* builder */ = {
			isa = PBXGroup;
			children = (
				212F3285259A95D7006218B4 /* WantViewModelBuilder.swift */,
			);
			path = builder;
			sourceTree = "<group>";
		};
		215F19B1257B2F6C00C556D0 /* dataAccess */ = {
			isa = PBXGroup;
			children = (
				215F19B4257B30DA00C556D0 /* protocols */,
				215F19A42570194200C556D0 /* BaseRealmDataAccess.swift */,
				215F19B2257B2F8B00C556D0 /* WantRealmViewModelDataAccess.swift */,
			);
			path = dataAccess;
			sourceTree = "<group>";
		};
		215F19B4257B30DA00C556D0 /* protocols */ = {
			isa = PBXGroup;
			children = (
				215F19B5257B30F000C556D0 /* WantRealmViewModelDataAccessProtocol.swift */,
			);
			path = protocols;
			sourceTree = "<group>";
		};
		215F19B9257C7BB400C556D0 /* wantDetails */ = {
			isa = PBXGroup;
			children = (
				21A3704225C58DAF003D1929 /* exact */,
				215F19AF2579DC6100C556D0 /* WantDetailsTableVC.swift */,
				215F19AB25787C1600C556D0 /* WantDetailsVC.swift */,
				21C947FC258C66B9009D0279 /* WantExactDetailsTableVC.swift */,
				21A3704025C58C67003D1929 /* WantExactDetailsTableVCDelegate.swift */,
				21C22F1F25AC16F300215F42 /* WantNotesDetailsVC.swift */,
				21BC786125D79CFD003B77F5 /* WantNotificationsDetailsVC.swift */,
			);
			path = wantDetails;
			sourceTree = "<group>";
		};
		215F19BA257C7BCE00C556D0 /* newWant */ = {
			isa = PBXGroup;
			children = (
				215F19A92578796800C556D0 /* NewWantVC.swift */,
				21A66927258057A800A75F2C /* NewWantAttributesTableVC.swift */,
				21A66929258058D600A75F2C /* NewWantNotesVC.swift */,
				21BC784A25D23EDF003B77F5 /* NewWantNotificationsVC.swift */,
			);
			path = newWant;
			sourceTree = "<group>";
		};
		21713C28259AAD3300E4A503 /* timer */ = {
			isa = PBXGroup;
			children = (
			);
			path = timer;
			sourceTree = "<group>";
		};
		217832A72558873C00E0AAD6 = {
			isa = PBXGroup;
			children = (
				217832B22558873C00E0AAD6 /* won-iOS */,
				217832CC2558874100E0AAD6 /* won-iOSTests */,
				217832D72558874100E0AAD6 /* won-iOSUITests */,
				217832B12558873C00E0AAD6 /* Products */,
				30032227BC9F9242450F02F8 /* Pods */,
				BBC09695B5CF6F70F3A9F033 /* Frameworks */,
			);
			sourceTree = "<group>";
		};
		217832B12558873C00E0AAD6 /* Products */ = {
			isa = PBXGroup;
			children = (
				217832B02558873C00E0AAD6 /* won-iOS.app */,
				217832C92558874100E0AAD6 /* won-iOSTests.xctest */,
				217832D42558874100E0AAD6 /* won-iOSUITests.xctest */,
			);
			name = Products;
			sourceTree = "<group>";
		};
		217832B22558873C00E0AAD6 /* won-iOS */ = {
			isa = PBXGroup;
			children = (
				212F3280259A8692006218B4 /* utilities */,
				217832EF25698C3800E0AAD6 /* uicomponents */,
				217832EC25698B8B00E0AAD6 /* viewModel */,
				217832EB25698B8400E0AAD6 /* view */,
				217832EA25698B7800E0AAD6 /* model */,
				217832B32558873C00E0AAD6 /* AppDelegate.swift */,
				217832B52558873C00E0AAD6 /* SceneDelegate.swift */,
				217832B72558873C00E0AAD6 /* ViewController.swift */,
				217832B92558873C00E0AAD6 /* Main.storyboard */,
				217832BF2558874100E0AAD6 /* Assets.xcassets */,
				217832C12558874100E0AAD6 /* LaunchScreen.storyboard */,
				217832C42558874100E0AAD6 /* Info.plist */,
				217832BC2558873C00E0AAD6 /* won_iOS.xcdatamodeld */,
			);
			path = "won-iOS";
			sourceTree = "<group>";
		};
		217832CC2558874100E0AAD6 /* won-iOSTests */ = {
			isa = PBXGroup;
			children = (
				217832CD2558874100E0AAD6 /* won_iOSTests.swift */,
				217832CF2558874100E0AAD6 /* Info.plist */,
			);
			path = "won-iOSTests";
			sourceTree = "<group>";
		};
		217832D72558874100E0AAD6 /* won-iOSUITests */ = {
			isa = PBXGroup;
			children = (
				217832D82558874100E0AAD6 /* won_iOSUITests.swift */,
				217832DA2558874100E0AAD6 /* Info.plist */,
			);
			path = "won-iOSUITests";
			sourceTree = "<group>";
		};
		217832EA25698B7800E0AAD6 /* model */ = {
			isa = PBXGroup;
			children = (
				217832F52569CAE000E0AAD6 /* builder */,
				217832ED25698BB400E0AAD6 /* want */,
			);
			path = model;
			sourceTree = "<group>";
		};
		217832EB25698B8400E0AAD6 /* view */ = {
			isa = PBXGroup;
			children = (
				217832FD2569D2F800E0AAD6 /* want */,
			);
			path = view;
			sourceTree = "<group>";
		};
		217832EC25698B8B00E0AAD6 /* viewModel */ = {
			isa = PBXGroup;
			children = (
				21713C28259AAD3300E4A503 /* timer */,
				212F3284259A95C4006218B4 /* builder */,
				215F19B1257B2F6C00C556D0 /* dataAccess */,
				2178330A256CCAEA00E0AAD6 /* want */,
				215F19AD2578844400C556D0 /* ViewModel.swift */,
				21C22F2125B3D66F00215F42 /* DataReceivingVCProtocol.swift */,
			);
			path = viewModel;
			sourceTree = "<group>";
		};
		217832ED25698BB400E0AAD6 /* want */ = {
			isa = PBXGroup;
			children = (
				217832F125698C7100E0AAD6 /* Want.swift */,
				217832F32569C69600E0AAD6 /* WantHistory.swift */,
				217832F92569CB7100E0AAD6 /* WantSocialStatus.swift */,
				21BC784F25D3694C003B77F5 /* WantNotification.swift */,
			);
			path = want;
			sourceTree = "<group>";
		};
		217832EF25698C3800E0AAD6 /* uicomponents */ = {
			isa = PBXGroup;
			children = (
				217832FE2569D30000E0AAD6 /* tableViewCell */,
				217832F025698C4300E0AAD6 /* buttons */,
			);
			path = uicomponents;
			sourceTree = "<group>";
		};
		217832F025698C4300E0AAD6 /* buttons */ = {
			isa = PBXGroup;
			children = (
				21783301256B37BF00E0AAD6 /* stateless */,
			);
			path = buttons;
			sourceTree = "<group>";
		};
		217832F52569CAE000E0AAD6 /* builder */ = {
			isa = PBXGroup;
			children = (
				217832F62569CAE700E0AAD6 /* want */,
			);
			path = builder;
			sourceTree = "<group>";
		};
		217832F62569CAE700E0AAD6 /* want */ = {
			isa = PBXGroup;
			children = (
				217832F72569CAF600E0AAD6 /* WantBuilder.swift */,
				217832FB2569CF6500E0AAD6 /* WantHistoryBuilder.swift */,
				21BC785925D4E190003B77F5 /* WantNotificationBuilder.swift */,
			);
			path = want;
			sourceTree = "<group>";
		};
		217832FD2569D2F800E0AAD6 /* want */ = {
			isa = PBXGroup;
			children = (
				21F6B7D925CB7B3B0082DE0E /* editWant */,
				215F19BA257C7BCE00C556D0 /* newWant */,
				215F19B9257C7BB400C556D0 /* wantDetails */,
				21783304256B455800E0AAD6 /* WantDataSource.swift */,
				217832E82562360500E0AAD6 /* WantVC.swift */,
				215F19B7257C7AB600C556D0 /* WantDelegate.swift */,
				215F19BB257C8C1300C556D0 /* VCDelegate.swift */,
				21F6B7EC25CB889D0082DE0E /* DetachedVCDelegate.swift */,
			);
			path = want;
			sourceTree = "<group>";
		};
		217832FE2569D30000E0AAD6 /* tableViewCell */ = {
			isa = PBXGroup;
			children = (
				217832FF2569D46800E0AAD6 /* WantTVCell.swift */,
				217AD9ED25BBD698008A4C53 /* NewWantTVCell.swift */,
			);
			path = tableViewCell;
			sourceTree = "<group>";
		};
		21783301256B37BF00E0AAD6 /* stateless */ = {
			isa = PBXGroup;
			children = (
				21783302256B37D000E0AAD6 /* CircleButton.swift */,
				217AD9F125BCA23F008A4C53 /* OvalButton.swift */,
			);
			path = stateless;
			sourceTree = "<group>";
		};
		2178330A256CCAEA00E0AAD6 /* want */ = {
			isa = PBXGroup;
			children = (
				21BC786625D9DD24003B77F5 /* WantNotificationsManager.swift */,
				2178330B256CCAFB00E0AAD6 /* WantRealmManager.swift */,
				21C947FE2591A7BE009D0279 /* WantViewModel.swift */,
				21713C2B259AB7BD00E4A503 /* WantManager.swift */,
				21BC785425D37441003B77F5 /* WantNotificationViewModel.swift */,
			);
			path = want;
			sourceTree = "<group>";
		};
		21A3704225C58DAF003D1929 /* exact */ = {
			isa = PBXGroup;
			children = (
			);
			path = exact;
			sourceTree = "<group>";
		};
		21F6B7B625CA5DA80082DE0E /* swiftEntryKit */ = {
			isa = PBXGroup;
			children = (
				21F6B7B725CA5E1D0082DE0E /* PresetsDataSource.swift */,
				21F6B7BC25CA5E990082DE0E /* PresetDescription.swift */,
				21F6B7C725CA5FAE0082DE0E /* UIColor+Utils.swift */,
			);
			path = swiftEntryKit;
			sourceTree = "<group>";
		};
		21F6B7D925CB7B3B0082DE0E /* editWant */ = {
			isa = PBXGroup;
			children = (
				21F6B7DA25CB7CD10082DE0E /* EditWantVC.swift */,
				21F6B7E225CB7D460082DE0E /* EditWantVC.xib */,
			);
			path = editWant;
			sourceTree = "<group>";
		};
		30032227BC9F9242450F02F8 /* Pods */ = {
			isa = PBXGroup;
			children = (
				6DFA4C9367D86736A17457EB /* Pods-won-iOS.debug.xcconfig */,
				054CE36B51D69DBAF1CC1637 /* Pods-won-iOS.release.xcconfig */,
			);
			path = Pods;
			sourceTree = "<group>";
		};
		BBC09695B5CF6F70F3A9F033 /* Frameworks */ = {
			isa = PBXGroup;
			children = (
				9840DD6270C83D5E7258362A /* Pods_won_iOS.framework */,
			);
			name = Frameworks;
			sourceTree = "<group>";
		};
/* End PBXGroup section */

/* Begin PBXNativeTarget section */
		217832AF2558873C00E0AAD6 /* won-iOS */ = {
			isa = PBXNativeTarget;
			buildConfigurationList = 217832DD2558874100E0AAD6 /* Build configuration list for PBXNativeTarget "won-iOS" */;
			buildPhases = (
				26E3249FDBB9D9DA22C8297C /* [CP] Check Pods Manifest.lock */,
				217832AC2558873C00E0AAD6 /* Sources */,
				217832AD2558873C00E0AAD6 /* Frameworks */,
				217832AE2558873C00E0AAD6 /* Resources */,
				7D30C466ABA91ADE76BA3FB0 /* [CP] Embed Pods Frameworks */,
			);
			buildRules = (
			);
			dependencies = (
			);
			name = "won-iOS";
			productName = "won-iOS";
			productReference = 217832B02558873C00E0AAD6 /* won-iOS.app */;
			productType = "com.apple.product-type.application";
		};
		217832C82558874100E0AAD6 /* won-iOSTests */ = {
			isa = PBXNativeTarget;
			buildConfigurationList = 217832E02558874100E0AAD6 /* Build configuration list for PBXNativeTarget "won-iOSTests" */;
			buildPhases = (
				217832C52558874100E0AAD6 /* Sources */,
				217832C62558874100E0AAD6 /* Frameworks */,
				217832C72558874100E0AAD6 /* Resources */,
			);
			buildRules = (
			);
			dependencies = (
				217832CB2558874100E0AAD6 /* PBXTargetDependency */,
			);
			name = "won-iOSTests";
			productName = "won-iOSTests";
			productReference = 217832C92558874100E0AAD6 /* won-iOSTests.xctest */;
			productType = "com.apple.product-type.bundle.unit-test";
		};
		217832D32558874100E0AAD6 /* won-iOSUITests */ = {
			isa = PBXNativeTarget;
			buildConfigurationList = 217832E32558874100E0AAD6 /* Build configuration list for PBXNativeTarget "won-iOSUITests" */;
			buildPhases = (
				217832D02558874100E0AAD6 /* Sources */,
				217832D12558874100E0AAD6 /* Frameworks */,
				217832D22558874100E0AAD6 /* Resources */,
			);
			buildRules = (
			);
			dependencies = (
				217832D62558874100E0AAD6 /* PBXTargetDependency */,
			);
			name = "won-iOSUITests";
			productName = "won-iOSUITests";
			productReference = 217832D42558874100E0AAD6 /* won-iOSUITests.xctest */;
			productType = "com.apple.product-type.bundle.ui-testing";
		};
/* End PBXNativeTarget section */

/* Begin PBXProject section */
		217832A82558873C00E0AAD6 /* Project object */ = {
			isa = PBXProject;
			attributes = {
				LastSwiftUpdateCheck = 1170;
				LastUpgradeCheck = 1170;
				ORGANIZATIONNAME = EllyRichardson;
				TargetAttributes = {
					217832AF2558873C00E0AAD6 = {
						CreatedOnToolsVersion = 11.7;
					};
					217832C82558874100E0AAD6 = {
						CreatedOnToolsVersion = 11.7;
						TestTargetID = 217832AF2558873C00E0AAD6;
					};
					217832D32558874100E0AAD6 = {
						CreatedOnToolsVersion = 11.7;
						TestTargetID = 217832AF2558873C00E0AAD6;
					};
				};
			};
			buildConfigurationList = 217832AB2558873C00E0AAD6 /* Build configuration list for PBXProject "won-iOS" */;
			compatibilityVersion = "Xcode 9.3";
			developmentRegion = en;
			hasScannedForEncodings = 0;
			knownRegions = (
				en,
				Base,
			);
			mainGroup = 217832A72558873C00E0AAD6;
			productRefGroup = 217832B12558873C00E0AAD6 /* Products */;
			projectDirPath = "";
			projectRoot = "";
			targets = (
				217832AF2558873C00E0AAD6 /* won-iOS */,
				217832C82558874100E0AAD6 /* won-iOSTests */,
				217832D32558874100E0AAD6 /* won-iOSUITests */,
			);
		};
/* End PBXProject section */

/* Begin PBXResourcesBuildPhase section */
		217832AE2558873C00E0AAD6 /* Resources */ = {
			isa = PBXResourcesBuildPhase;
			buildActionMask = 2147483647;
			files = (
				21F6B7E325CB7D460082DE0E /* EditWantVC.xib in Resources */,
				217832C32558874100E0AAD6 /* LaunchScreen.storyboard in Resources */,
				217832C02558874100E0AAD6 /* Assets.xcassets in Resources */,
				217832BB2558873C00E0AAD6 /* Main.storyboard in Resources */,
			);
			runOnlyForDeploymentPostprocessing = 0;
		};
		217832C72558874100E0AAD6 /* Resources */ = {
			isa = PBXResourcesBuildPhase;
			buildActionMask = 2147483647;
			files = (
			);
			runOnlyForDeploymentPostprocessing = 0;
		};
		217832D22558874100E0AAD6 /* Resources */ = {
			isa = PBXResourcesBuildPhase;
			buildActionMask = 2147483647;
			files = (
			);
			runOnlyForDeploymentPostprocessing = 0;
		};
/* End PBXResourcesBuildPhase section */

/* Begin PBXShellScriptBuildPhase section */
		26E3249FDBB9D9DA22C8297C /* [CP] Check Pods Manifest.lock */ = {
			isa = PBXShellScriptBuildPhase;
			buildActionMask = 2147483647;
			files = (
			);
			inputFileListPaths = (
			);
			inputPaths = (
				"${PODS_PODFILE_DIR_PATH}/Podfile.lock",
				"${PODS_ROOT}/Manifest.lock",
			);
			name = "[CP] Check Pods Manifest.lock";
			outputFileListPaths = (
			);
			outputPaths = (
				"$(DERIVED_FILE_DIR)/Pods-won-iOS-checkManifestLockResult.txt",
			);
			runOnlyForDeploymentPostprocessing = 0;
			shellPath = /bin/sh;
			shellScript = "diff \"${PODS_PODFILE_DIR_PATH}/Podfile.lock\" \"${PODS_ROOT}/Manifest.lock\" > /dev/null\nif [ $? != 0 ] ; then\n    # print error to STDERR\n    echo \"error: The sandbox is not in sync with the Podfile.lock. Run 'pod install' or update your CocoaPods installation.\" >&2\n    exit 1\nfi\n# This output is used by Xcode 'outputs' to avoid re-running this script phase.\necho \"SUCCESS\" > \"${SCRIPT_OUTPUT_FILE_0}\"\n";
			showEnvVarsInLog = 0;
		};
		7D30C466ABA91ADE76BA3FB0 /* [CP] Embed Pods Frameworks */ = {
			isa = PBXShellScriptBuildPhase;
			buildActionMask = 2147483647;
			files = (
			);
			inputFileListPaths = (
				"${PODS_ROOT}/Target Support Files/Pods-won-iOS/Pods-won-iOS-frameworks-${CONFIGURATION}-input-files.xcfilelist",
			);
			name = "[CP] Embed Pods Frameworks";
			outputFileListPaths = (
				"${PODS_ROOT}/Target Support Files/Pods-won-iOS/Pods-won-iOS-frameworks-${CONFIGURATION}-output-files.xcfilelist",
			);
			runOnlyForDeploymentPostprocessing = 0;
			shellPath = /bin/sh;
			shellScript = "\"${PODS_ROOT}/Target Support Files/Pods-won-iOS/Pods-won-iOS-frameworks.sh\"\n";
			showEnvVarsInLog = 0;
		};
/* End PBXShellScriptBuildPhase section */

/* Begin PBXSourcesBuildPhase section */
		217832AC2558873C00E0AAD6 /* Sources */ = {
			isa = PBXSourcesBuildPhase;
			buildActionMask = 2147483647;
			files = (
				217832B82558873C00E0AAD6 /* ViewController.swift in Sources */,
				21F6B7ED25CB889D0082DE0E /* DetachedVCDelegate.swift in Sources */,
				21C22F2225B3D66F00215F42 /* DataReceivingVCProtocol.swift in Sources */,
				215F19BC257C8C1300C556D0 /* VCDelegate.swift in Sources */,
				217832F225698C7100E0AAD6 /* Want.swift in Sources */,
				215F19B02579DC6100C556D0 /* WantDetailsTableVC.swift in Sources */,
				21BC784B25D23EDF003B77F5 /* NewWantNotificationsVC.swift in Sources */,
				217832E92562360500E0AAD6 /* WantVC.swift in Sources */,
				21F6B7BD25CA5E990082DE0E /* PresetDescription.swift in Sources */,
				21783303256B37D000E0AAD6 /* CircleButton.swift in Sources */,
				21BC786F25D9E961003B77F5 /* NotificationUtil.swift in Sources */,
				21C947FF2591A7BE009D0279 /* WantViewModel.swift in Sources */,
				212E8802259ADE4500EE2046 /* DateTimeFunctions.swift in Sources */,
				21BC786225D79CFD003B77F5 /* WantNotificationsDetailsVC.swift in Sources */,
				21713C2E259AC48200E4A503 /* DateUtils.swift in Sources */,
				21C947FD258C66B9009D0279 /* WantExactDetailsTableVC.swift in Sources */,
				2178330C256CCAFB00E0AAD6 /* WantRealmManager.swift in Sources */,
				215F19B6257B30F000C556D0 /* WantRealmViewModelDataAccessProtocol.swift in Sources */,
				217832F42569C69600E0AAD6 /* WantHistory.swift in Sources */,
				21F6B7C825CA5FAE0082DE0E /* UIColor+Utils.swift in Sources */,
				219DA1EB25A410F2002D4A9E /* TimerProcess.swift in Sources */,
				21A3704125C58C67003D1929 /* WantExactDetailsTableVCDelegate.swift in Sources */,
				217833002569D46800E0AAD6 /* WantTVCell.swift in Sources */,
				21A6692A258058D600A75F2C /* NewWantNotesVC.swift in Sources */,
				21BC785A25D4E190003B77F5 /* WantNotificationBuilder.swift in Sources */,
				21F6B7B825CA5E1D0082DE0E /* PresetsDataSource.swift in Sources */,
				21BC785025D3694D003B77F5 /* WantNotification.swift in Sources */,
				215F19B8257C7AB600C556D0 /* WantDelegate.swift in Sources */,
				21BC785525D37441003B77F5 /* WantNotificationViewModel.swift in Sources */,
				217832FC2569CF6500E0AAD6 /* WantHistoryBuilder.swift in Sources */,
				21BC786725D9DD24003B77F5 /* WantNotificationsManager.swift in Sources */,
				217832B42558873C00E0AAD6 /* AppDelegate.swift in Sources */,
				217832F82569CAF600E0AAD6 /* WantBuilder.swift in Sources */,
				215F19B3257B2F8B00C556D0 /* WantRealmViewModelDataAccess.swift in Sources */,
				217832FA2569CB7100E0AAD6 /* WantSocialStatus.swift in Sources */,
				217832BE2558873C00E0AAD6 /* won_iOS.xcdatamodeld in Sources */,
				217AD9EE25BBD698008A4C53 /* NewWantTVCell.swift in Sources */,
				215F19AA2578796800C556D0 /* NewWantVC.swift in Sources */,
				21A66928258057A800A75F2C /* NewWantAttributesTableVC.swift in Sources */,
				21F6B7D525CA61D70082DE0E /* DeviceTypeDetector.swift in Sources */,
				21713C2C259AB7BD00E4A503 /* WantManager.swift in Sources */,
				21C22F2025AC16F300215F42 /* WantNotesDetailsVC.swift in Sources */,
				215F19AC25787C1600C556D0 /* WantDetailsVC.swift in Sources */,
				217832B62558873C00E0AAD6 /* SceneDelegate.swift in Sources */,
				21F6B7DB25CB7CD10082DE0E /* EditWantVC.swift in Sources */,
				212F3286259A95D7006218B4 /* WantViewModelBuilder.swift in Sources */,
				217AD9F225BCA23F008A4C53 /* OvalButton.swift in Sources */,
				215F19AE2578844400C556D0 /* ViewModel.swift in Sources */,
				215F19A52570194200C556D0 /* BaseRealmDataAccess.swift in Sources */,
				21783305256B455800E0AAD6 /* WantDataSource.swift in Sources */,
			);
			runOnlyForDeploymentPostprocessing = 0;
		};
		217832C52558874100E0AAD6 /* Sources */ = {
			isa = PBXSourcesBuildPhase;
			buildActionMask = 2147483647;
			files = (
				217832CE2558874100E0AAD6 /* won_iOSTests.swift in Sources */,
			);
			runOnlyForDeploymentPostprocessing = 0;
		};
		217832D02558874100E0AAD6 /* Sources */ = {
			isa = PBXSourcesBuildPhase;
			buildActionMask = 2147483647;
			files = (
				217832D92558874100E0AAD6 /* won_iOSUITests.swift in Sources */,
			);
			runOnlyForDeploymentPostprocessing = 0;
		};
/* End PBXSourcesBuildPhase section */

/* Begin PBXTargetDependency section */
		217832CB2558874100E0AAD6 /* PBXTargetDependency */ = {
			isa = PBXTargetDependency;
			target = 217832AF2558873C00E0AAD6 /* won-iOS */;
			targetProxy = 217832CA2558874100E0AAD6 /* PBXContainerItemProxy */;
		};
		217832D62558874100E0AAD6 /* PBXTargetDependency */ = {
			isa = PBXTargetDependency;
			target = 217832AF2558873C00E0AAD6 /* won-iOS */;
			targetProxy = 217832D52558874100E0AAD6 /* PBXContainerItemProxy */;
		};
/* End PBXTargetDependency section */

/* Begin PBXVariantGroup section */
		217832B92558873C00E0AAD6 /* Main.storyboard */ = {
			isa = PBXVariantGroup;
			children = (
				217832BA2558873C00E0AAD6 /* Base */,
			);
			name = Main.storyboard;
			sourceTree = "<group>";
		};
		217832C12558874100E0AAD6 /* LaunchScreen.storyboard */ = {
			isa = PBXVariantGroup;
			children = (
				217832C22558874100E0AAD6 /* Base */,
			);
			name = LaunchScreen.storyboard;
			sourceTree = "<group>";
		};
/* End PBXVariantGroup section */

/* Begin XCBuildConfiguration section */
		217832DB2558874100E0AAD6 /* Debug */ = {
			isa = XCBuildConfiguration;
			buildSettings = {
				ALWAYS_SEARCH_USER_PATHS = NO;
				CLANG_ANALYZER_NONNULL = YES;
				CLANG_ANALYZER_NUMBER_OBJECT_CONVERSION = YES_AGGRESSIVE;
				CLANG_CXX_LANGUAGE_STANDARD = "gnu++14";
				CLANG_CXX_LIBRARY = "libc++";
				CLANG_ENABLE_MODULES = YES;
				CLANG_ENABLE_OBJC_ARC = YES;
				CLANG_ENABLE_OBJC_WEAK = YES;
				CLANG_WARN_BLOCK_CAPTURE_AUTORELEASING = YES;
				CLANG_WARN_BOOL_CONVERSION = YES;
				CLANG_WARN_COMMA = YES;
				CLANG_WARN_CONSTANT_CONVERSION = YES;
				CLANG_WARN_DEPRECATED_OBJC_IMPLEMENTATIONS = YES;
				CLANG_WARN_DIRECT_OBJC_ISA_USAGE = YES_ERROR;
				CLANG_WARN_DOCUMENTATION_COMMENTS = YES;
				CLANG_WARN_EMPTY_BODY = YES;
				CLANG_WARN_ENUM_CONVERSION = YES;
				CLANG_WARN_INFINITE_RECURSION = YES;
				CLANG_WARN_INT_CONVERSION = YES;
				CLANG_WARN_NON_LITERAL_NULL_CONVERSION = YES;
				CLANG_WARN_OBJC_IMPLICIT_RETAIN_SELF = YES;
				CLANG_WARN_OBJC_LITERAL_CONVERSION = YES;
				CLANG_WARN_OBJC_ROOT_CLASS = YES_ERROR;
				CLANG_WARN_RANGE_LOOP_ANALYSIS = YES;
				CLANG_WARN_STRICT_PROTOTYPES = YES;
				CLANG_WARN_SUSPICIOUS_MOVE = YES;
				CLANG_WARN_UNGUARDED_AVAILABILITY = YES_AGGRESSIVE;
				CLANG_WARN_UNREACHABLE_CODE = YES;
				CLANG_WARN__DUPLICATE_METHOD_MATCH = YES;
				COPY_PHASE_STRIP = NO;
				DEBUG_INFORMATION_FORMAT = dwarf;
				ENABLE_STRICT_OBJC_MSGSEND = YES;
				ENABLE_TESTABILITY = YES;
				GCC_C_LANGUAGE_STANDARD = gnu11;
				GCC_DYNAMIC_NO_PIC = NO;
				GCC_NO_COMMON_BLOCKS = YES;
				GCC_OPTIMIZATION_LEVEL = 0;
				GCC_PREPROCESSOR_DEFINITIONS = (
					"DEBUG=1",
					"$(inherited)",
				);
				GCC_WARN_64_TO_32_BIT_CONVERSION = YES;
				GCC_WARN_ABOUT_RETURN_TYPE = YES_ERROR;
				GCC_WARN_UNDECLARED_SELECTOR = YES;
				GCC_WARN_UNINITIALIZED_AUTOS = YES_AGGRESSIVE;
				GCC_WARN_UNUSED_FUNCTION = YES;
				GCC_WARN_UNUSED_VARIABLE = YES;
				IPHONEOS_DEPLOYMENT_TARGET = 13.7;
				MTL_ENABLE_DEBUG_INFO = INCLUDE_SOURCE;
				MTL_FAST_MATH = YES;
				ONLY_ACTIVE_ARCH = YES;
				SDKROOT = iphoneos;
				SWIFT_ACTIVE_COMPILATION_CONDITIONS = DEBUG;
				SWIFT_OPTIMIZATION_LEVEL = "-Onone";
			};
			name = Debug;
		};
		217832DC2558874100E0AAD6 /* Release */ = {
			isa = XCBuildConfiguration;
			buildSettings = {
				ALWAYS_SEARCH_USER_PATHS = NO;
				CLANG_ANALYZER_NONNULL = YES;
				CLANG_ANALYZER_NUMBER_OBJECT_CONVERSION = YES_AGGRESSIVE;
				CLANG_CXX_LANGUAGE_STANDARD = "gnu++14";
				CLANG_CXX_LIBRARY = "libc++";
				CLANG_ENABLE_MODULES = YES;
				CLANG_ENABLE_OBJC_ARC = YES;
				CLANG_ENABLE_OBJC_WEAK = YES;
				CLANG_WARN_BLOCK_CAPTURE_AUTORELEASING = YES;
				CLANG_WARN_BOOL_CONVERSION = YES;
				CLANG_WARN_COMMA = YES;
				CLANG_WARN_CONSTANT_CONVERSION = YES;
				CLANG_WARN_DEPRECATED_OBJC_IMPLEMENTATIONS = YES;
				CLANG_WARN_DIRECT_OBJC_ISA_USAGE = YES_ERROR;
				CLANG_WARN_DOCUMENTATION_COMMENTS = YES;
				CLANG_WARN_EMPTY_BODY = YES;
				CLANG_WARN_ENUM_CONVERSION = YES;
				CLANG_WARN_INFINITE_RECURSION = YES;
				CLANG_WARN_INT_CONVERSION = YES;
				CLANG_WARN_NON_LITERAL_NULL_CONVERSION = YES;
				CLANG_WARN_OBJC_IMPLICIT_RETAIN_SELF = YES;
				CLANG_WARN_OBJC_LITERAL_CONVERSION = YES;
				CLANG_WARN_OBJC_ROOT_CLASS = YES_ERROR;
				CLANG_WARN_RANGE_LOOP_ANALYSIS = YES;
				CLANG_WARN_STRICT_PROTOTYPES = YES;
				CLANG_WARN_SUSPICIOUS_MOVE = YES;
				CLANG_WARN_UNGUARDED_AVAILABILITY = YES_AGGRESSIVE;
				CLANG_WARN_UNREACHABLE_CODE = YES;
				CLANG_WARN__DUPLICATE_METHOD_MATCH = YES;
				COPY_PHASE_STRIP = NO;
				DEBUG_INFORMATION_FORMAT = "dwarf-with-dsym";
				ENABLE_NS_ASSERTIONS = NO;
				ENABLE_STRICT_OBJC_MSGSEND = YES;
				GCC_C_LANGUAGE_STANDARD = gnu11;
				GCC_NO_COMMON_BLOCKS = YES;
				GCC_WARN_64_TO_32_BIT_CONVERSION = YES;
				GCC_WARN_ABOUT_RETURN_TYPE = YES_ERROR;
				GCC_WARN_UNDECLARED_SELECTOR = YES;
				GCC_WARN_UNINITIALIZED_AUTOS = YES_AGGRESSIVE;
				GCC_WARN_UNUSED_FUNCTION = YES;
				GCC_WARN_UNUSED_VARIABLE = YES;
				IPHONEOS_DEPLOYMENT_TARGET = 13.7;
				MTL_ENABLE_DEBUG_INFO = NO;
				MTL_FAST_MATH = YES;
				SDKROOT = iphoneos;
				SWIFT_COMPILATION_MODE = wholemodule;
				SWIFT_OPTIMIZATION_LEVEL = "-O";
				VALIDATE_PRODUCT = YES;
			};
			name = Release;
		};
		217832DE2558874100E0AAD6 /* Debug */ = {
			isa = XCBuildConfiguration;
			baseConfigurationReference = 6DFA4C9367D86736A17457EB /* Pods-won-iOS.debug.xcconfig */;
			buildSettings = {
				ASSETCATALOG_COMPILER_APPICON_NAME = AppIcon;
				CODE_SIGN_STYLE = Automatic;
				DEVELOPMENT_TEAM = W4MV387F7W;
				INFOPLIST_FILE = "won-iOS/Info.plist";
				LD_RUNPATH_SEARCH_PATHS = (
					"$(inherited)",
					"@executable_path/Frameworks",
				);
				PRODUCT_BUNDLE_IDENTIFIER = "com.EllyRichardson.won-iOS";
				PRODUCT_NAME = "$(TARGET_NAME)";
				SWIFT_VERSION = 5.0;
				TARGETED_DEVICE_FAMILY = "1,2";
			};
			name = Debug;
		};
		217832DF2558874100E0AAD6 /* Release */ = {
			isa = XCBuildConfiguration;
			baseConfigurationReference = 054CE36B51D69DBAF1CC1637 /* Pods-won-iOS.release.xcconfig */;
			buildSettings = {
				ASSETCATALOG_COMPILER_APPICON_NAME = AppIcon;
				CODE_SIGN_STYLE = Automatic;
				DEVELOPMENT_TEAM = W4MV387F7W;
				INFOPLIST_FILE = "won-iOS/Info.plist";
				LD_RUNPATH_SEARCH_PATHS = (
					"$(inherited)",
					"@executable_path/Frameworks",
				);
				PRODUCT_BUNDLE_IDENTIFIER = "com.EllyRichardson.won-iOS";
				PRODUCT_NAME = "$(TARGET_NAME)";
				SWIFT_VERSION = 5.0;
				TARGETED_DEVICE_FAMILY = "1,2";
			};
			name = Release;
		};
		217832E12558874100E0AAD6 /* Debug */ = {
			isa = XCBuildConfiguration;
			buildSettings = {
				ALWAYS_EMBED_SWIFT_STANDARD_LIBRARIES = YES;
				BUNDLE_LOADER = "$(TEST_HOST)";
				CODE_SIGN_STYLE = Automatic;
				DEVELOPMENT_TEAM = W4MV387F7W;
				INFOPLIST_FILE = "won-iOSTests/Info.plist";
				IPHONEOS_DEPLOYMENT_TARGET = 13.7;
				LD_RUNPATH_SEARCH_PATHS = (
					"$(inherited)",
					"@executable_path/Frameworks",
					"@loader_path/Frameworks",
				);
				PRODUCT_BUNDLE_IDENTIFIER = "com.EllyRichardson.won-iOSTests";
				PRODUCT_NAME = "$(TARGET_NAME)";
				SWIFT_VERSION = 5.0;
				TARGETED_DEVICE_FAMILY = "1,2";
				TEST_HOST = "$(BUILT_PRODUCTS_DIR)/won-iOS.app/won-iOS";
			};
			name = Debug;
		};
		217832E22558874100E0AAD6 /* Release */ = {
			isa = XCBuildConfiguration;
			buildSettings = {
				ALWAYS_EMBED_SWIFT_STANDARD_LIBRARIES = YES;
				BUNDLE_LOADER = "$(TEST_HOST)";
				CODE_SIGN_STYLE = Automatic;
				DEVELOPMENT_TEAM = W4MV387F7W;
				INFOPLIST_FILE = "won-iOSTests/Info.plist";
				IPHONEOS_DEPLOYMENT_TARGET = 13.7;
				LD_RUNPATH_SEARCH_PATHS = (
					"$(inherited)",
					"@executable_path/Frameworks",
					"@loader_path/Frameworks",
				);
				PRODUCT_BUNDLE_IDENTIFIER = "com.EllyRichardson.won-iOSTests";
				PRODUCT_NAME = "$(TARGET_NAME)";
				SWIFT_VERSION = 5.0;
				TARGETED_DEVICE_FAMILY = "1,2";
				TEST_HOST = "$(BUILT_PRODUCTS_DIR)/won-iOS.app/won-iOS";
			};
			name = Release;
		};
		217832E42558874100E0AAD6 /* Debug */ = {
			isa = XCBuildConfiguration;
			buildSettings = {
				ALWAYS_EMBED_SWIFT_STANDARD_LIBRARIES = YES;
				CODE_SIGN_STYLE = Automatic;
				DEVELOPMENT_TEAM = W4MV387F7W;
				INFOPLIST_FILE = "won-iOSUITests/Info.plist";
				LD_RUNPATH_SEARCH_PATHS = (
					"$(inherited)",
					"@executable_path/Frameworks",
					"@loader_path/Frameworks",
				);
				PRODUCT_BUNDLE_IDENTIFIER = "com.EllyRichardson.won-iOSUITests";
				PRODUCT_NAME = "$(TARGET_NAME)";
				SWIFT_VERSION = 5.0;
				TARGETED_DEVICE_FAMILY = "1,2";
				TEST_TARGET_NAME = "won-iOS";
			};
			name = Debug;
		};
		217832E52558874100E0AAD6 /* Release */ = {
			isa = XCBuildConfiguration;
			buildSettings = {
				ALWAYS_EMBED_SWIFT_STANDARD_LIBRARIES = YES;
				CODE_SIGN_STYLE = Automatic;
				DEVELOPMENT_TEAM = W4MV387F7W;
				INFOPLIST_FILE = "won-iOSUITests/Info.plist";
				LD_RUNPATH_SEARCH_PATHS = (
					"$(inherited)",
					"@executable_path/Frameworks",
					"@loader_path/Frameworks",
				);
				PRODUCT_BUNDLE_IDENTIFIER = "com.EllyRichardson.won-iOSUITests";
				PRODUCT_NAME = "$(TARGET_NAME)";
				SWIFT_VERSION = 5.0;
				TARGETED_DEVICE_FAMILY = "1,2";
				TEST_TARGET_NAME = "won-iOS";
			};
			name = Release;
		};
/* End XCBuildConfiguration section */

/* Begin XCConfigurationList section */
		217832AB2558873C00E0AAD6 /* Build configuration list for PBXProject "won-iOS" */ = {
			isa = XCConfigurationList;
			buildConfigurations = (
				217832DB2558874100E0AAD6 /* Debug */,
				217832DC2558874100E0AAD6 /* Release */,
			);
			defaultConfigurationIsVisible = 0;
			defaultConfigurationName = Release;
		};
		217832DD2558874100E0AAD6 /* Build configuration list for PBXNativeTarget "won-iOS" */ = {
			isa = XCConfigurationList;
			buildConfigurations = (
				217832DE2558874100E0AAD6 /* Debug */,
				217832DF2558874100E0AAD6 /* Release */,
			);
			defaultConfigurationIsVisible = 0;
			defaultConfigurationName = Release;
		};
		217832E02558874100E0AAD6 /* Build configuration list for PBXNativeTarget "won-iOSTests" */ = {
			isa = XCConfigurationList;
			buildConfigurations = (
				217832E12558874100E0AAD6 /* Debug */,
				217832E22558874100E0AAD6 /* Release */,
			);
			defaultConfigurationIsVisible = 0;
			defaultConfigurationName = Release;
		};
		217832E32558874100E0AAD6 /* Build configuration list for PBXNativeTarget "won-iOSUITests" */ = {
			isa = XCConfigurationList;
			buildConfigurations = (
				217832E42558874100E0AAD6 /* Debug */,
				217832E52558874100E0AAD6 /* Release */,
			);
			defaultConfigurationIsVisible = 0;
			defaultConfigurationName = Release;
		};
/* End XCConfigurationList section */

/* Begin XCVersionGroup section */
		217832BC2558873C00E0AAD6 /* won_iOS.xcdatamodeld */ = {
			isa = XCVersionGroup;
			children = (
				217832BD2558873C00E0AAD6 /* won_iOS.xcdatamodel */,
			);
			currentVersion = 217832BD2558873C00E0AAD6 /* won_iOS.xcdatamodel */;
			path = won_iOS.xcdatamodeld;
			sourceTree = "<group>";
			versionGroupType = wrapper.xcdatamodel;
		};
/* End XCVersionGroup section */
	};
	rootObject = 217832A82558873C00E0AAD6 /* Project object */;
}
